// !$*UTF8*$!
{
	archiveVersion = 1;
	classes = {
	};
	objectVersion = 48;
	objects = {

/* Begin PBXBuildFile section */
		D85D006D1FEEE6D200F16181 /* AppDelegate.swift in Sources */ = {isa = PBXBuildFile; fileRef = D85D006C1FEEE6D200F16181 /* AppDelegate.swift */; };
		D85D006F1FEEE6D200F16181 /* ViewController.swift in Sources */ = {isa = PBXBuildFile; fileRef = D85D006E1FEEE6D200F16181 /* ViewController.swift */; };
		D85D00741FEEE6D200F16181 /* Assets.xcassets in Resources */ = {isa = PBXBuildFile; fileRef = D85D00731FEEE6D200F16181 /* Assets.xcassets */; };
		D85D00771FEEE6D200F16181 /* LaunchScreen.storyboard in Resources */ = {isa = PBXBuildFile; fileRef = D85D00751FEEE6D200F16181 /* LaunchScreen.storyboard */; };
		D863BD3F201CDCA4003762CA /* PrivateData.swift in Sources */ = {isa = PBXBuildFile; fileRef = D863BD3E201CDCA4003762CA /* PrivateData.swift */; };
		D863BD41201CE02A003762CA /* Main.storyboard in Resources */ = {isa = PBXBuildFile; fileRef = D863BD40201CE02A003762CA /* Main.storyboard */; };
		D8F8AFC21FEEEAA0001FF5A8 /* SpotifyAuthentication.framework in Frameworks */ = {isa = PBXBuildFile; fileRef = D8F8AFC01FEEEA9F001FF5A8 /* SpotifyAuthentication.framework */; };
		D8F8AFC31FEEEAA0001FF5A8 /* SpotifyAudioPlayback.framework in Frameworks */ = {isa = PBXBuildFile; fileRef = D8F8AFC11FEEEAA0001FF5A8 /* SpotifyAudioPlayback.framework */; };
		D8F8AFCB1FF04161001FF5A8 /* AtticusSpotifyMeta.swift in Sources */ = {isa = PBXBuildFile; fileRef = D8F8AFCA1FF04161001FF5A8 /* AtticusSpotifyMeta.swift */; };
		D8F8AFF21FF049FA001FF5A8 /* SpotifyEndpoints.swift in Sources */ = {isa = PBXBuildFile; fileRef = D8F8AFF11FF049FA001FF5A8 /* SpotifyEndpoints.swift */; };
		D8F8AFF71FF12F4A001FF5A8 /* Playlists.swift in Sources */ = {isa = PBXBuildFile; fileRef = D8F8AFF61FF12F4A001FF5A8 /* Playlists.swift */; };
/* End PBXBuildFile section */

/* Begin PBXContainerItemProxy section */
		D85D007E1FEEE6D200F16181 /* PBXContainerItemProxy */ = {
			isa = PBXContainerItemProxy;
			containerPortal = D85D00611FEEE6D200F16181 /* Project object */;
			proxyType = 1;
			remoteGlobalIDString = D85D00681FEEE6D200F16181;
			remoteInfo = SpotifyTesting;
		};
/* End PBXContainerItemProxy section */

/* Begin PBXCopyFilesBuildPhase section */
		D8E4049B1FFDA87A00AFA50C /* CopyFiles */ = {
			isa = PBXCopyFilesBuildPhase;
			buildActionMask = 2147483647;
			dstPath = "";
			dstSubfolderSpec = 10;
			files = (
			);
			runOnlyForDeploymentPostprocessing = 0;
		};
		D8E404A21FFDA8D000AFA50C /* CopyFiles */ = {
			isa = PBXCopyFilesBuildPhase;
			buildActionMask = 2147483647;
			dstPath = "";
			dstSubfolderSpec = 10;
			files = (
			);
			runOnlyForDeploymentPostprocessing = 0;
		};
		D8F8AFEB1FF0424E001FF5A8 /* Embed Frameworks */ = {
			isa = PBXCopyFilesBuildPhase;
			buildActionMask = 2147483647;
			dstPath = "";
			dstSubfolderSpec = 10;
			files = (
			);
			name = "Embed Frameworks";
			runOnlyForDeploymentPostprocessing = 0;
		};
/* End PBXCopyFilesBuildPhase section */

/* Begin PBXFileReference section */
		D85D00691FEEE6D200F16181 /* SpotifyTesting.app */ = {isa = PBXFileReference; explicitFileType = wrapper.application; includeInIndex = 0; path = SpotifyTesting.app; sourceTree = BUILT_PRODUCTS_DIR; };
		D85D006C1FEEE6D200F16181 /* AppDelegate.swift */ = {isa = PBXFileReference; lastKnownFileType = sourcecode.swift; path = AppDelegate.swift; sourceTree = "<group>"; };
		D85D006E1FEEE6D200F16181 /* ViewController.swift */ = {isa = PBXFileReference; lastKnownFileType = sourcecode.swift; path = ViewController.swift; sourceTree = "<group>"; };
		D85D00731FEEE6D200F16181 /* Assets.xcassets */ = {isa = PBXFileReference; lastKnownFileType = folder.assetcatalog; path = Assets.xcassets; sourceTree = "<group>"; };
		D85D00761FEEE6D200F16181 /* Base */ = {isa = PBXFileReference; lastKnownFileType = file.storyboard; name = Base; path = Base.lproj/LaunchScreen.storyboard; sourceTree = "<group>"; };
		D85D00781FEEE6D200F16181 /* Info.plist */ = {isa = PBXFileReference; lastKnownFileType = text.plist.xml; path = Info.plist; sourceTree = "<group>"; };
		D85D007D1FEEE6D200F16181 /* SpotifyTestingTests.xctest */ = {isa = PBXFileReference; explicitFileType = wrapper.cfbundle; includeInIndex = 0; path = SpotifyTestingTests.xctest; sourceTree = BUILT_PRODUCTS_DIR; };
		D863BD3E201CDCA4003762CA /* PrivateData.swift */ = {isa = PBXFileReference; lastKnownFileType = sourcecode.swift; path = PrivateData.swift; sourceTree = "<group>"; };
		D863BD40201CE02A003762CA /* Main.storyboard */ = {isa = PBXFileReference; lastKnownFileType = file.storyboard; path = Main.storyboard; sourceTree = "<group>"; };
		D8F8AFC01FEEEA9F001FF5A8 /* SpotifyAuthentication.framework */ = {isa = PBXFileReference; lastKnownFileType = wrapper.framework; name = SpotifyAuthentication.framework; path = "ios-sdk-master/SpotifyAuthentication.framework"; sourceTree = SOURCE_ROOT; };
		D8F8AFC11FEEEAA0001FF5A8 /* SpotifyAudioPlayback.framework */ = {isa = PBXFileReference; lastKnownFileType = wrapper.framework; name = SpotifyAudioPlayback.framework; path = "ios-sdk-master/SpotifyAudioPlayback.framework"; sourceTree = SOURCE_ROOT; };
		D8F8AFC41FEEEBA4001FF5A8 /* SpotifyTesting-Bridging-Header.h */ = {isa = PBXFileReference; lastKnownFileType = sourcecode.c.h; path = "SpotifyTesting-Bridging-Header.h"; sourceTree = "<group>"; };
		D8F8AFCA1FF04161001FF5A8 /* AtticusSpotifyMeta.swift */ = {isa = PBXFileReference; lastKnownFileType = sourcecode.swift; path = AtticusSpotifyMeta.swift; sourceTree = "<group>"; };
		D8F8AFF11FF049FA001FF5A8 /* SpotifyEndpoints.swift */ = {isa = PBXFileReference; lastKnownFileType = sourcecode.swift; path = SpotifyEndpoints.swift; sourceTree = "<group>"; };
		D8F8AFF61FF12F4A001FF5A8 /* Playlists.swift */ = {isa = PBXFileReference; lastKnownFileType = sourcecode.swift; path = Playlists.swift; sourceTree = "<group>"; };
/* End PBXFileReference section */

/* Begin PBXFrameworksBuildPhase section */
		D85D00661FEEE6D200F16181 /* Frameworks */ = {
			isa = PBXFrameworksBuildPhase;
			buildActionMask = 2147483647;
			files = (
				D8F8AFC21FEEEAA0001FF5A8 /* SpotifyAuthentication.framework in Frameworks */,
				D8F8AFC31FEEEAA0001FF5A8 /* SpotifyAudioPlayback.framework in Frameworks */,
			);
			runOnlyForDeploymentPostprocessing = 0;
		};
		D85D007A1FEEE6D200F16181 /* Frameworks */ = {
			isa = PBXFrameworksBuildPhase;
			buildActionMask = 2147483647;
			files = (
			);
			runOnlyForDeploymentPostprocessing = 0;
		};
/* End PBXFrameworksBuildPhase section */

/* Begin PBXGroup section */
		D85D00601FEEE6D200F16181 = {
			isa = PBXGroup;
			children = (
				D85D006B1FEEE6D200F16181 /* SpotifyTesting */,
				D85D006A1FEEE6D200F16181 /* Products */,
			);
			sourceTree = "<group>";
		};
		D85D006A1FEEE6D200F16181 /* Products */ = {
			isa = PBXGroup;
			children = (
				D85D00691FEEE6D200F16181 /* SpotifyTesting.app */,
				D85D007D1FEEE6D200F16181 /* SpotifyTestingTests.xctest */,
			);
			name = Products;
			sourceTree = "<group>";
		};
		D85D006B1FEEE6D200F16181 /* SpotifyTesting */ = {
			isa = PBXGroup;
			children = (
				D8A71875201196D200AD751B /* SpotifyAPIMetaClient */,
				D85D00901FEEEA3000F16181 /* SpotifyFrameworks */,
				D85D006C1FEEE6D200F16181 /* AppDelegate.swift */,
				D85D006E1FEEE6D200F16181 /* ViewController.swift */,
				D85D00731FEEE6D200F16181 /* Assets.xcassets */,
				D85D00751FEEE6D200F16181 /* LaunchScreen.storyboard */,
				D85D00781FEEE6D200F16181 /* Info.plist */,
				D8F8AFC41FEEEBA4001FF5A8 /* SpotifyTesting-Bridging-Header.h */,
				D863BD3E201CDCA4003762CA /* PrivateData.swift */,
				D863BD40201CE02A003762CA /* Main.storyboard */,
			);
			path = SpotifyTesting;
			sourceTree = "<group>";
		};
		D85D00901FEEEA3000F16181 /* SpotifyFrameworks */ = {
			isa = PBXGroup;
			children = (
				D8F8AFC11FEEEAA0001FF5A8 /* SpotifyAudioPlayback.framework */,
				D8F8AFC01FEEEA9F001FF5A8 /* SpotifyAuthentication.framework */,
			);
			path = SpotifyFrameworks;
			sourceTree = "<group>";
		};
		D8A71875201196D200AD751B /* SpotifyAPIMetaClient */ = {
			isa = PBXGroup;
			children = (
				D8F8AFF11FF049FA001FF5A8 /* SpotifyEndpoints.swift */,
				D8F8AFF61FF12F4A001FF5A8 /* Playlists.swift */,
				D8F8AFCA1FF04161001FF5A8 /* AtticusSpotifyMeta.swift */,
			);
			path = SpotifyAPIMetaClient;
			sourceTree = "<group>";
		};
/* End PBXGroup section */

/* Begin PBXNativeTarget section */
		D85D00681FEEE6D200F16181 /* SpotifyTesting */ = {
			isa = PBXNativeTarget;
			buildConfigurationList = D85D00861FEEE6D200F16181 /* Build configuration list for PBXNativeTarget "SpotifyTesting" */;
			buildPhases = (
				D85D00651FEEE6D200F16181 /* Sources */,
				D85D00661FEEE6D200F16181 /* Frameworks */,
				D85D00671FEEE6D200F16181 /* Resources */,
				D8F8AFEB1FF0424E001FF5A8 /* Embed Frameworks */,
				D82C01C01FFD98A200388363 /* ShellScript */,
				D8E4049B1FFDA87A00AFA50C /* CopyFiles */,
			);
			buildRules = (
			);
			dependencies = (
			);
			name = SpotifyTesting;
			productName = SpotifyTesting;
			productReference = D85D00691FEEE6D200F16181 /* SpotifyTesting.app */;
			productType = "com.apple.product-type.application";
		};
		D85D007C1FEEE6D200F16181 /* SpotifyTestingTests */ = {
			isa = PBXNativeTarget;
			buildConfigurationList = D85D00891FEEE6D200F16181 /* Build configuration list for PBXNativeTarget "SpotifyTestingTests" */;
			buildPhases = (
				D85D00791FEEE6D200F16181 /* Sources */,
				D85D007A1FEEE6D200F16181 /* Frameworks */,
				D85D007B1FEEE6D200F16181 /* Resources */,
				D82C01C91FFD9E6100388363 /* ShellScript */,
				D8E404A21FFDA8D000AFA50C /* CopyFiles */,
			);
			buildRules = (
			);
			dependencies = (
				D85D007F1FEEE6D200F16181 /* PBXTargetDependency */,
			);
			name = SpotifyTestingTests;
			productName = SpotifyTestingTests;
			productReference = D85D007D1FEEE6D200F16181 /* SpotifyTestingTests.xctest */;
			productType = "com.apple.product-type.bundle.unit-test";
		};
/* End PBXNativeTarget section */

/* Begin PBXProject section */
		D85D00611FEEE6D200F16181 /* Project object */ = {
			isa = PBXProject;
			attributes = {
				LastSwiftUpdateCheck = 0920;
				LastUpgradeCheck = 0920;
				ORGANIZATIONNAME = Atticus08;
				TargetAttributes = {
					D85D00681FEEE6D200F16181 = {
						CreatedOnToolsVersion = 9.2;
						LastSwiftMigration = 0920;
						ProvisioningStyle = Automatic;
					};
					D85D007C1FEEE6D200F16181 = {
						CreatedOnToolsVersion = 9.2;
						ProvisioningStyle = Automatic;
						TestTargetID = D85D00681FEEE6D200F16181;
					};
				};
			};
			buildConfigurationList = D85D00641FEEE6D200F16181 /* Build configuration list for PBXProject "SpotifyTesting" */;
			compatibilityVersion = "Xcode 8.0";
			developmentRegion = en;
			hasScannedForEncodings = 0;
			knownRegions = (
				en,
				Base,
			);
			mainGroup = D85D00601FEEE6D200F16181;
			productRefGroup = D85D006A1FEEE6D200F16181 /* Products */;
			projectDirPath = "";
			projectRoot = "";
			targets = (
				D85D00681FEEE6D200F16181 /* SpotifyTesting */,
				D85D007C1FEEE6D200F16181 /* SpotifyTestingTests */,
			);
		};
/* End PBXProject section */

/* Begin PBXResourcesBuildPhase section */
		D85D00671FEEE6D200F16181 /* Resources */ = {
			isa = PBXResourcesBuildPhase;
			buildActionMask = 2147483647;
			files = (
				D863BD41201CE02A003762CA /* Main.storyboard in Resources */,
				D85D00771FEEE6D200F16181 /* LaunchScreen.storyboard in Resources */,
				D85D00741FEEE6D200F16181 /* Assets.xcassets in Resources */,
			);
			runOnlyForDeploymentPostprocessing = 0;
		};
		D85D007B1FEEE6D200F16181 /* Resources */ = {
			isa = PBXResourcesBuildPhase;
			buildActionMask = 2147483647;
			files = (
			);
			runOnlyForDeploymentPostprocessing = 0;
		};
/* End PBXResourcesBuildPhase section */

/* Begin PBXShellScriptBuildPhase section */
		D82C01C01FFD98A200388363 /* ShellScript */ = {
			isa = PBXShellScriptBuildPhase;
			buildActionMask = 2147483647;
			files = (
			);
			inputPaths = (
				"$(SRCROOT)/Carthage/Build/iOS/Nimble.framework",
				"$(SRCROOT)/Carthage/Build/iOS/Quick.framework",
			);
			outputPaths = (
			);
			runOnlyForDeploymentPostprocessing = 0;
			shellPath = /bin/sh;
			shellScript = "";
		};
		D82C01C91FFD9E6100388363 /* ShellScript */ = {
			isa = PBXShellScriptBuildPhase;
			buildActionMask = 2147483647;
			files = (
			);
			inputPaths = (
				"$(SRCROOT)/Carthage/Build/iOS/Nimble.framework",
				"$(SRCROOT)/Carthage/Build/iOS/Quick.framework",
			);
			outputPaths = (
			);
			runOnlyForDeploymentPostprocessing = 0;
			shellPath = /bin/sh;
			shellScript = "";
		};
/* End PBXShellScriptBuildPhase section */

/* Begin PBXSourcesBuildPhase section */
		D85D00651FEEE6D200F16181 /* Sources */ = {
			isa = PBXSourcesBuildPhase;
			buildActionMask = 2147483647;
			files = (
				D8F8AFF71FF12F4A001FF5A8 /* Playlists.swift in Sources */,
				D85D006F1FEEE6D200F16181 /* ViewController.swift in Sources */,
				D8F8AFCB1FF04161001FF5A8 /* AtticusSpotifyMeta.swift in Sources */,
				D863BD3F201CDCA4003762CA /* PrivateData.swift in Sources */,
				D85D006D1FEEE6D200F16181 /* AppDelegate.swift in Sources */,
				D8F8AFF21FF049FA001FF5A8 /* SpotifyEndpoints.swift in Sources */,
			);
			runOnlyForDeploymentPostprocessing = 0;
		};
		D85D00791FEEE6D200F16181 /* Sources */ = {
			isa = PBXSourcesBuildPhase;
			buildActionMask = 2147483647;
			files = (
			);
			runOnlyForDeploymentPostprocessing = 0;
		};
/* End PBXSourcesBuildPhase section */

/* Begin PBXTargetDependency section */
		D85D007F1FEEE6D200F16181 /* PBXTargetDependency */ = {
			isa = PBXTargetDependency;
			target = D85D00681FEEE6D200F16181 /* SpotifyTesting */;
			targetProxy = D85D007E1FEEE6D200F16181 /* PBXContainerItemProxy */;
		};
/* End PBXTargetDependency section */

/* Begin PBXVariantGroup section */
		D85D00751FEEE6D200F16181 /* LaunchScreen.storyboard */ = {
			isa = PBXVariantGroup;
			children = (
				D85D00761FEEE6D200F16181 /* Base */,
			);
			name = LaunchScreen.storyboard;
			sourceTree = "<group>";
		};
/* End PBXVariantGroup section */

/* Begin XCBuildConfiguration section */
		D85D00841FEEE6D200F16181 /* Debug */ = {
			isa = XCBuildConfiguration;
			buildSettings = {
				ALWAYS_SEARCH_USER_PATHS = NO;
				CLANG_ANALYZER_NONNULL = YES;
				CLANG_ANALYZER_NUMBER_OBJECT_CONVERSION = YES_AGGRESSIVE;
				CLANG_CXX_LANGUAGE_STANDARD = "gnu++14";
				CLANG_CXX_LIBRARY = "libc++";
				CLANG_ENABLE_MODULES = YES;
				CLANG_ENABLE_OBJC_ARC = YES;
				CLANG_WARN_BLOCK_CAPTURE_AUTORELEASING = YES;
				CLANG_WARN_BOOL_CONVERSION = YES;
				CLANG_WARN_COMMA = YES;
				CLANG_WARN_CONSTANT_CONVERSION = YES;
				CLANG_WARN_DIRECT_OBJC_ISA_USAGE = YES_ERROR;
				CLANG_WARN_DOCUMENTATION_COMMENTS = YES;
				CLANG_WARN_EMPTY_BODY = YES;
				CLANG_WARN_ENUM_CONVERSION = YES;
				CLANG_WARN_INFINITE_RECURSION = YES;
				CLANG_WARN_INT_CONVERSION = YES;
				CLANG_WARN_NON_LITERAL_NULL_CONVERSION = YES;
				CLANG_WARN_OBJC_LITERAL_CONVERSION = YES;
				CLANG_WARN_OBJC_ROOT_CLASS = YES_ERROR;
				CLANG_WARN_RANGE_LOOP_ANALYSIS = YES;
				CLANG_WARN_STRICT_PROTOTYPES = YES;
				CLANG_WARN_SUSPICIOUS_MOVE = YES;
				CLANG_WARN_UNGUARDED_AVAILABILITY = YES_AGGRESSIVE;
				CLANG_WARN_UNREACHABLE_CODE = YES;
				CLANG_WARN__DUPLICATE_METHOD_MATCH = YES;
				CODE_SIGN_IDENTITY = "iPhone Developer";
				COPY_PHASE_STRIP = NO;
				DEBUG_INFORMATION_FORMAT = dwarf;
				ENABLE_STRICT_OBJC_MSGSEND = YES;
				ENABLE_TESTABILITY = YES;
				GCC_C_LANGUAGE_STANDARD = gnu11;
				GCC_DYNAMIC_NO_PIC = NO;
				GCC_NO_COMMON_BLOCKS = YES;
				GCC_OPTIMIZATION_LEVEL = 0;
				GCC_PREPROCESSOR_DEFINITIONS = (
					"DEBUG=1",
					"$(inherited)",
				);
				GCC_WARN_64_TO_32_BIT_CONVERSION = YES;
				GCC_WARN_ABOUT_RETURN_TYPE = YES_ERROR;
				GCC_WARN_UNDECLARED_SELECTOR = YES;
				GCC_WARN_UNINITIALIZED_AUTOS = YES_AGGRESSIVE;
				GCC_WARN_UNUSED_FUNCTION = YES;
				GCC_WARN_UNUSED_VARIABLE = YES;
				IPHONEOS_DEPLOYMENT_TARGET = 11.2;
				MTL_ENABLE_DEBUG_INFO = YES;
				ONLY_ACTIVE_ARCH = YES;
				SDKROOT = iphoneos;
				SWIFT_ACTIVE_COMPILATION_CONDITIONS = DEBUG;
				SWIFT_OPTIMIZATION_LEVEL = "-Onone";
			};
			name = Debug;
		};
		D85D00851FEEE6D200F16181 /* Release */ = {
			isa = XCBuildConfiguration;
			buildSettings = {
				ALWAYS_SEARCH_USER_PATHS = NO;
				CLANG_ANALYZER_NONNULL = YES;
				CLANG_ANALYZER_NUMBER_OBJECT_CONVERSION = YES_AGGRESSIVE;
				CLANG_CXX_LANGUAGE_STANDARD = "gnu++14";
				CLANG_CXX_LIBRARY = "libc++";
				CLANG_ENABLE_MODULES = YES;
				CLANG_ENABLE_OBJC_ARC = YES;
				CLANG_WARN_BLOCK_CAPTURE_AUTORELEASING = YES;
				CLANG_WARN_BOOL_CONVERSION = YES;
				CLANG_WARN_COMMA = YES;
				CLANG_WARN_CONSTANT_CONVERSION = YES;
				CLANG_WARN_DIRECT_OBJC_ISA_USAGE = YES_ERROR;
				CLANG_WARN_DOCUMENTATION_COMMENTS = YES;
				CLANG_WARN_EMPTY_BODY = YES;
				CLANG_WARN_ENUM_CONVERSION = YES;
				CLANG_WARN_INFINITE_RECURSION = YES;
				CLANG_WARN_INT_CONVERSION = YES;
				CLANG_WARN_NON_LITERAL_NULL_CONVERSION = YES;
				CLANG_WARN_OBJC_LITERAL_CONVERSION = YES;
				CLANG_WARN_OBJC_ROOT_CLASS = YES_ERROR;
				CLANG_WARN_RANGE_LOOP_ANALYSIS = YES;
				CLANG_WARN_STRICT_PROTOTYPES = YES;
				CLANG_WARN_SUSPICIOUS_MOVE = YES;
				CLANG_WARN_UNGUARDED_AVAILABILITY = YES_AGGRESSIVE;
				CLANG_WARN_UNREACHABLE_CODE = YES;
				CLANG_WARN__DUPLICATE_METHOD_MATCH = YES;
				CODE_SIGN_IDENTITY = "iPhone Developer";
				COPY_PHASE_STRIP = NO;
				DEBUG_INFORMATION_FORMAT = "dwarf-with-dsym";
				ENABLE_NS_ASSERTIONS = NO;
				ENABLE_STRICT_OBJC_MSGSEND = YES;
				GCC_C_LANGUAGE_STANDARD = gnu11;
				GCC_NO_COMMON_BLOCKS = YES;
				GCC_WARN_64_TO_32_BIT_CONVERSION = YES;
				GCC_WARN_ABOUT_RETURN_TYPE = YES_ERROR;
				GCC_WARN_UNDECLARED_SELECTOR = YES;
				GCC_WARN_UNINITIALIZED_AUTOS = YES_AGGRESSIVE;
				GCC_WARN_UNUSED_FUNCTION = YES;
				GCC_WARN_UNUSED_VARIABLE = YES;
				IPHONEOS_DEPLOYMENT_TARGET = 11.2;
				MTL_ENABLE_DEBUG_INFO = NO;
				SDKROOT = iphoneos;
				SWIFT_OPTIMIZATION_LEVEL = "-Owholemodule";
				VALIDATE_PRODUCT = YES;
			};
			name = Release;
		};
		D85D00871FEEE6D200F16181 /* Debug */ = {
			isa = XCBuildConfiguration;
			buildSettings = {
				ASSETCATALOG_COMPILER_APPICON_NAME = AppIcon;
				CLANG_ENABLE_MODULES = YES;
				CODE_SIGN_STYLE = Automatic;
				DEVELOPMENT_TEAM = NWHGG4R3R5;
				FRAMEWORK_SEARCH_PATHS = (
					"$(inherited)",
					"$(PROJECT_DIR)/ios-sdk-master",
					"$(PROJECT_DIR)/Carthage/Build/iOS",
				);
				INFOPLIST_FILE = SpotifyTesting/Info.plist;
				LD_RUNPATH_SEARCH_PATHS = "$(inherited) @executable_path/Frameworks";
				PRODUCT_BUNDLE_IDENTIFIER = com.example.SpotifyTesting;
				PRODUCT_NAME = "$(TARGET_NAME)";
				SWIFT_OBJC_BRIDGING_HEADER = "SpotifyTesting/SpotifyTesting-Bridging-Header.h";
				SWIFT_OPTIMIZATION_LEVEL = "-Onone";
				SWIFT_VERSION = 4.0;
				TARGETED_DEVICE_FAMILY = "1,2";
			};
			name = Debug;
		};
		D85D00881FEEE6D200F16181 /* Release */ = {
			isa = XCBuildConfiguration;
			buildSettings = {
				ASSETCATALOG_COMPILER_APPICON_NAME = AppIcon;
				CLANG_ENABLE_MODULES = YES;
				CODE_SIGN_STYLE = Automatic;
				DEVELOPMENT_TEAM = NWHGG4R3R5;
				FRAMEWORK_SEARCH_PATHS = (
					"$(inherited)",
					"$(PROJECT_DIR)/ios-sdk-master",
					"$(PROJECT_DIR)/Carthage/Build/iOS",
				);
				INFOPLIST_FILE = SpotifyTesting/Info.plist;
				LD_RUNPATH_SEARCH_PATHS = "$(inherited) @executable_path/Frameworks";
				PRODUCT_BUNDLE_IDENTIFIER = com.example.SpotifyTesting;
				PRODUCT_NAME = "$(TARGET_NAME)";
				SWIFT_OBJC_BRIDGING_HEADER = "SpotifyTesting/SpotifyTesting-Bridging-Header.h";
				SWIFT_VERSION = 4.0;
				TARGETED_DEVICE_FAMILY = "1,2";
			};
			name = Release;
		};
		D85D008A1FEEE6D200F16181 /* Debug */ = {
			isa = XCBuildConfiguration;
			buildSettings = {
				ALWAYS_EMBED_SWIFT_STANDARD_LIBRARIES = YES;
				BUNDLE_LOADER = "$(TEST_HOST)";
				CODE_SIGN_STYLE = Automatic;
				DEVELOPMENT_TEAM = NWHGG4R3R5;
				FRAMEWORK_SEARCH_PATHS = (
					"$(inherited)",
					"$(PROJECT_DIR)/Carthage/Build/iOS",
				);
				INFOPLIST_FILE = SpotifyTestingTests/Info.plist;
				LD_RUNPATH_SEARCH_PATHS = "$(inherited) @executable_path/Frameworks @loader_path/Frameworks";
				PRODUCT_BUNDLE_IDENTIFIER = com.example.SpotifyTestingTests;
				PRODUCT_NAME = "$(TARGET_NAME)";
				SWIFT_VERSION = 4.0;
				TARGETED_DEVICE_FAMILY = "1,2";
				TEST_HOST = "$(BUILT_PRODUCTS_DIR)/SpotifyTesting.app/SpotifyTesting";
			};
			name = Debug;
		};
		D85D008B1FEEE6D200F16181 /* Release */ = {
			isa = XCBuildConfiguration;
			buildSettings = {
				ALWAYS_EMBED_SWIFT_STANDARD_LIBRARIES = YES;
				BUNDLE_LOADER = "$(TEST_HOST)";
				CODE_SIGN_STYLE = Automatic;
				DEVELOPMENT_TEAM = NWHGG4R3R5;
				FRAMEWORK_SEARCH_PATHS = (
					"$(inherited)",
					"$(PROJECT_DIR)/Carthage/Build/iOS",
				);
				INFOPLIST_FILE = SpotifyTestingTests/Info.plist;
				LD_RUNPATH_SEARCH_PATHS = "$(inherited) @executable_path/Frameworks @loader_path/Frameworks";
				PRODUCT_BUNDLE_IDENTIFIER = com.example.SpotifyTestingTests;
				PRODUCT_NAME = "$(TARGET_NAME)";
				SWIFT_VERSION = 4.0;
				TARGETED_DEVICE_FAMILY = "1,2";
				TEST_HOST = "$(BUILT_PRODUCTS_DIR)/SpotifyTesting.app/SpotifyTesting";
			};
			name = Release;
		};
/* End XCBuildConfiguration section */

/* Begin XCConfigurationList section */
		D85D00641FEEE6D200F16181 /* Build configuration list for PBXProject "SpotifyTesting" */ = {
			isa = XCConfigurationList;
			buildConfigurations = (
				D85D00841FEEE6D200F16181 /* Debug */,
				D85D00851FEEE6D200F16181 /* Release */,
			);
			defaultConfigurationIsVisible = 0;
			defaultConfigurationName = Release;
		};
		D85D00861FEEE6D200F16181 /* Build configuration list for PBXNativeTarget "SpotifyTesting" */ = {
			isa = XCConfigurationList;
			buildConfigurations = (
				D85D00871FEEE6D200F16181 /* Debug */,
				D85D00881FEEE6D200F16181 /* Release */,
			);
			defaultConfigurationIsVisible = 0;
			defaultConfigurationName = Release;
		};
		D85D00891FEEE6D200F16181 /* Build configuration list for PBXNativeTarget "SpotifyTestingTests" */ = {
			isa = XCConfigurationList;
			buildConfigurations = (
				D85D008A1FEEE6D200F16181 /* Debug */,
				D85D008B1FEEE6D200F16181 /* Release */,
			);
			defaultConfigurationIsVisible = 0;
			defaultConfigurationName = Release;
		};
/* End XCConfigurationList section */
	};
	rootObject = D85D00611FEEE6D200F16181 /* Project object */;
}
